
Microsoft Visual Studio Solution File, Format Version 12.00
# Visual Studio 2013
VisualStudioVersion = 12.0.31101.0
MinimumVisualStudioVersion = 10.0.40219.1
Project("{FAE04EC0-301F-11D3-BF4B-00C04F79EFBC}") = "HW04-Semantic HTML", "HW04-Semantic HTML\HW04-Semantic HTML.csproj", "{B382D4C1-F43C-4023-A8CF-1AE9D2BE0513}"
EndProject
Global
	GlobalSection(SolutionConfigurationPlatforms) = preSolution
		Debug|Any CPU = Debug|Any CPU
		Release|Any CPU = Release|Any CPU
	EndGlobalSection
	GlobalSection(ProjectConfigurationPlatforms) = postSolution
		{B382D4C1-F43C-4023-A8CF-1AE9D2BE0513}.Debug|Any CPU.ActiveCfg = Debug|Any CPU
		{B382D4C1-F43C-4023-A8CF-1AE9D2BE0513}.Debug|Any CPU.Build.0 = Debug|Any CPU
		{B382D4C1-F43C-4023-A8CF-1AE9D2BE0513}.Release|Any CPU.ActiveCfg = Release|Any CPU
		{B382D4C1-F43C-4023-A8CF-1AE9D2BE0513}.Release|Any CPU.Build.0 = Release|Any CPU
	EndGlobalSection
	GlobalSection(SolutionProperties) = preSolution
		HideSolutionNode = FALSE
	EndGlobalSection
EndGlobal
