
Microsoft Visual Studio Solution File, Format Version 12.00
# Visual Studio 2013
VisualStudioVersion = 12.0.31101.0
MinimumVisualStudioVersion = 10.0.40219.1
Project("{FAE04EC0-301F-11D3-BF4B-00C04F79EFBC}") = "Lesson", "Lesson\Lesson.csproj", "{26535587-2FB7-48F2-81B4-131D0E334DC4}"
EndProject
Project("{FAE04EC0-301F-11D3-BF4B-00C04F79EFBC}") = "P01-StringsInCSharp", "P01-StringsInCSharp\P01-StringsInCSharp.csproj", "{D1F4E423-4600-47E9-A81A-29E9C1F3FD46}"
EndProject
Project("{FAE04EC0-301F-11D3-BF4B-00C04F79EFBC}") = "P02-ReverseString", "P02-ReverseString\P02-ReverseString.csproj", "{07D8F028-C735-4760-8962-50ADA57E17E7}"
EndProject
Project("{FAE04EC0-301F-11D3-BF4B-00C04F79EFBC}") = "P03-CorrectBrackets", "P03-CorrectBrackets\P03-CorrectBrackets.csproj", "{1800C6A5-447D-4133-99C9-13499614BD07}"
EndProject
Project("{FAE04EC0-301F-11D3-BF4B-00C04F79EFBC}") = "P04-SubstringInText", "P04-SubstringInText\P04-SubstringInText.csproj", "{01F7EC14-E634-4149-A482-7DA91DF5C4AF}"
EndProject
Project("{FAE04EC0-301F-11D3-BF4B-00C04F79EFBC}") = "P05-ParseTags", "P05-ParseTags\P05-ParseTags.csproj", "{2C3E7307-5149-4950-B47E-397663D80E5F}"
EndProject
Project("{FAE04EC0-301F-11D3-BF4B-00C04F79EFBC}") = "P06-StringLength", "P06-StringLength\P06-StringLength.csproj", "{ED20F8E8-3224-4EBD-BFAE-AF8E81E17AAB}"
EndProject
Project("{FAE04EC0-301F-11D3-BF4B-00C04F79EFBC}") = "P07-EncodeDecode", "P07-EncodeDecode\P07-EncodeDecode.csproj", "{B1A24E9F-FBDC-4B94-97B7-527014775D76}"
EndProject
Project("{FAE04EC0-301F-11D3-BF4B-00C04F79EFBC}") = "P08-ExtractSentences", "P08-ExtractSentences\P08-ExtractSentences.csproj", "{6A4F2BC9-E845-41D7-AADA-7AD3832CE611}"
EndProject
Project("{FAE04EC0-301F-11D3-BF4B-00C04F79EFBC}") = "P09-ForbiddenWords", "P09-ForbiddenWordsC\P09-ForbiddenWords.csproj", "{3218980F-656A-42DA-9FF6-5CFE06152BCA}"
EndProject
Project("{FAE04EC0-301F-11D3-BF4B-00C04F79EFBC}") = "P10-UnicodeCharacters", "P10-UnicodeCharacters\P10-UnicodeCharacters.csproj", "{FD6E01D7-E001-4584-9168-3DCA0BFAF0C1}"
EndProject
Project("{FAE04EC0-301F-11D3-BF4B-00C04F79EFBC}") = "P11-FormatNumber", "P11-FormatNumber\P11-FormatNumber.csproj", "{6826FC85-CAB1-43A3-B8B3-F63C7F4415F5}"
EndProject
Project("{FAE04EC0-301F-11D3-BF4B-00C04F79EFBC}") = "P12-ParseURL", "P12-ParseURL\P12-ParseURL.csproj", "{50D94045-F9EE-4D81-B210-CAFA95C5AF3D}"
EndProject
Project("{FAE04EC0-301F-11D3-BF4B-00C04F79EFBC}") = "P13-ReverseSentence", "P13-ReverseSentence\P13-ReverseSentence.csproj", "{57B31E37-4CD1-455B-9DE1-131B84E354B9}"
EndProject
Project("{FAE04EC0-301F-11D3-BF4B-00C04F79EFBC}") = "P14-WordDictionary", "P14-WordDictionary\P14-WordDictionary.csproj", "{95C2BA48-13F5-403B-8247-6F22BF604FE9}"
EndProject
Project("{FAE04EC0-301F-11D3-BF4B-00C04F79EFBC}") = "P15-ReplaceTags", "P15-ReplaceTags\P15-ReplaceTags.csproj", "{C954F331-90B6-45A5-9881-CB0F7540093C}"
EndProject
Project("{FAE04EC0-301F-11D3-BF4B-00C04F79EFBC}") = "P16-DateDifference", "P16-DateDifference\P16-DateDifference.csproj", "{BEA0917A-E89C-43DD-80D0-C963FA519C30}"
EndProject
Project("{FAE04EC0-301F-11D3-BF4B-00C04F79EFBC}") = "P17-DateInBulgarian", "P17-DateInBulgarian\P17-DateInBulgarian.csproj", "{E88E35E0-8370-4BBE-8CAE-3B967F769561}"
EndProject
Project("{FAE04EC0-301F-11D3-BF4B-00C04F79EFBC}") = "P18-ExtractMails", "P18-ExtractMails\P18-ExtractMails.csproj", "{0070DA9C-F05C-4752-A960-B08FE9B0E1B0}"
EndProject
Project("{FAE04EC0-301F-11D3-BF4B-00C04F79EFBC}") = "P19-DatesFromTextInCanada", "P19-DatesFromTextInCanada\P19-DatesFromTextInCanada.csproj", "{7A1CFFC2-A4E6-4CA0-8CEA-2A205BA87B7F}"
EndProject
Project("{FAE04EC0-301F-11D3-BF4B-00C04F79EFBC}") = "P20-Palindromes", "P20-Palindromes\P20-Palindromes.csproj", "{E3285F20-003B-4305-9E8D-81856A7E9F8B}"
EndProject
Project("{FAE04EC0-301F-11D3-BF4B-00C04F79EFBC}") = "P21-LettersCount", "P21-LettersCount\P21-LettersCount.csproj", "{4DAE6882-4103-41FD-B105-2F05D004C3FE}"
EndProject
Project("{FAE04EC0-301F-11D3-BF4B-00C04F79EFBC}") = "P22-WordsCount", "P22-WordsCount\P22-WordsCount.csproj", "{1A3135F7-C666-4BD3-A54D-D8AA9422A28D}"
EndProject
Project("{FAE04EC0-301F-11D3-BF4B-00C04F79EFBC}") = "P23-SeriesOfLetters", "P23-SeriesOfLetters\P23-SeriesOfLetters.csproj", "{5F35F25F-34CC-47F1-8196-0BA4EB5F440C}"
EndProject
Project("{FAE04EC0-301F-11D3-BF4B-00C04F79EFBC}") = "P24-OrderWords", "P24-OrderWords\P24-OrderWords.csproj", "{F4CF1B05-B60E-4D6C-91DF-D827BBE12EF2}"
EndProject
Project("{FAE04EC0-301F-11D3-BF4B-00C04F79EFBC}") = "P25-ExtractTextFromHTML", "P25-ExtractTextFromHTML\P25-ExtractTextFromHTML.csproj", "{01E42871-E7E8-4D67-BDB8-3CD1393E857D}"
EndProject
Global
	GlobalSection(SolutionConfigurationPlatforms) = preSolution
		Debug|Any CPU = Debug|Any CPU
		Release|Any CPU = Release|Any CPU
	EndGlobalSection
	GlobalSection(ProjectConfigurationPlatforms) = postSolution
		{26535587-2FB7-48F2-81B4-131D0E334DC4}.Debug|Any CPU.ActiveCfg = Debug|Any CPU
		{26535587-2FB7-48F2-81B4-131D0E334DC4}.Debug|Any CPU.Build.0 = Debug|Any CPU
		{26535587-2FB7-48F2-81B4-131D0E334DC4}.Release|Any CPU.ActiveCfg = Release|Any CPU
		{26535587-2FB7-48F2-81B4-131D0E334DC4}.Release|Any CPU.Build.0 = Release|Any CPU
		{D1F4E423-4600-47E9-A81A-29E9C1F3FD46}.Debug|Any CPU.ActiveCfg = Debug|Any CPU
		{D1F4E423-4600-47E9-A81A-29E9C1F3FD46}.Debug|Any CPU.Build.0 = Debug|Any CPU
		{D1F4E423-4600-47E9-A81A-29E9C1F3FD46}.Release|Any CPU.ActiveCfg = Release|Any CPU
		{D1F4E423-4600-47E9-A81A-29E9C1F3FD46}.Release|Any CPU.Build.0 = Release|Any CPU
		{07D8F028-C735-4760-8962-50ADA57E17E7}.Debug|Any CPU.ActiveCfg = Debug|Any CPU
		{07D8F028-C735-4760-8962-50ADA57E17E7}.Debug|Any CPU.Build.0 = Debug|Any CPU
		{07D8F028-C735-4760-8962-50ADA57E17E7}.Release|Any CPU.ActiveCfg = Release|Any CPU
		{07D8F028-C735-4760-8962-50ADA57E17E7}.Release|Any CPU.Build.0 = Release|Any CPU
		{1800C6A5-447D-4133-99C9-13499614BD07}.Debug|Any CPU.ActiveCfg = Debug|Any CPU
		{1800C6A5-447D-4133-99C9-13499614BD07}.Debug|Any CPU.Build.0 = Debug|Any CPU
		{1800C6A5-447D-4133-99C9-13499614BD07}.Release|Any CPU.ActiveCfg = Release|Any CPU
		{1800C6A5-447D-4133-99C9-13499614BD07}.Release|Any CPU.Build.0 = Release|Any CPU
		{01F7EC14-E634-4149-A482-7DA91DF5C4AF}.Debug|Any CPU.ActiveCfg = Debug|Any CPU
		{01F7EC14-E634-4149-A482-7DA91DF5C4AF}.Debug|Any CPU.Build.0 = Debug|Any CPU
		{01F7EC14-E634-4149-A482-7DA91DF5C4AF}.Release|Any CPU.ActiveCfg = Release|Any CPU
		{01F7EC14-E634-4149-A482-7DA91DF5C4AF}.Release|Any CPU.Build.0 = Release|Any CPU
		{2C3E7307-5149-4950-B47E-397663D80E5F}.Debug|Any CPU.ActiveCfg = Debug|Any CPU
		{2C3E7307-5149-4950-B47E-397663D80E5F}.Debug|Any CPU.Build.0 = Debug|Any CPU
		{2C3E7307-5149-4950-B47E-397663D80E5F}.Release|Any CPU.ActiveCfg = Release|Any CPU
		{2C3E7307-5149-4950-B47E-397663D80E5F}.Release|Any CPU.Build.0 = Release|Any CPU
		{ED20F8E8-3224-4EBD-BFAE-AF8E81E17AAB}.Debug|Any CPU.ActiveCfg = Debug|Any CPU
		{ED20F8E8-3224-4EBD-BFAE-AF8E81E17AAB}.Debug|Any CPU.Build.0 = Debug|Any CPU
		{ED20F8E8-3224-4EBD-BFAE-AF8E81E17AAB}.Release|Any CPU.ActiveCfg = Release|Any CPU
		{ED20F8E8-3224-4EBD-BFAE-AF8E81E17AAB}.Release|Any CPU.Build.0 = Release|Any CPU
		{B1A24E9F-FBDC-4B94-97B7-527014775D76}.Debug|Any CPU.ActiveCfg = Debug|Any CPU
		{B1A24E9F-FBDC-4B94-97B7-527014775D76}.Debug|Any CPU.Build.0 = Debug|Any CPU
		{B1A24E9F-FBDC-4B94-97B7-527014775D76}.Release|Any CPU.ActiveCfg = Release|Any CPU
		{B1A24E9F-FBDC-4B94-97B7-527014775D76}.Release|Any CPU.Build.0 = Release|Any CPU
		{6A4F2BC9-E845-41D7-AADA-7AD3832CE611}.Debug|Any CPU.ActiveCfg = Debug|Any CPU
		{6A4F2BC9-E845-41D7-AADA-7AD3832CE611}.Debug|Any CPU.Build.0 = Debug|Any CPU
		{6A4F2BC9-E845-41D7-AADA-7AD3832CE611}.Release|Any CPU.ActiveCfg = Release|Any CPU
		{6A4F2BC9-E845-41D7-AADA-7AD3832CE611}.Release|Any CPU.Build.0 = Release|Any CPU
		{3218980F-656A-42DA-9FF6-5CFE06152BCA}.Debug|Any CPU.ActiveCfg = Debug|Any CPU
		{3218980F-656A-42DA-9FF6-5CFE06152BCA}.Debug|Any CPU.Build.0 = Debug|Any CPU
		{3218980F-656A-42DA-9FF6-5CFE06152BCA}.Release|Any CPU.ActiveCfg = Release|Any CPU
		{3218980F-656A-42DA-9FF6-5CFE06152BCA}.Release|Any CPU.Build.0 = Release|Any CPU
		{FD6E01D7-E001-4584-9168-3DCA0BFAF0C1}.Debug|Any CPU.ActiveCfg = Debug|Any CPU
		{FD6E01D7-E001-4584-9168-3DCA0BFAF0C1}.Debug|Any CPU.Build.0 = Debug|Any CPU
		{FD6E01D7-E001-4584-9168-3DCA0BFAF0C1}.Release|Any CPU.ActiveCfg = Release|Any CPU
		{FD6E01D7-E001-4584-9168-3DCA0BFAF0C1}.Release|Any CPU.Build.0 = Release|Any CPU
		{6826FC85-CAB1-43A3-B8B3-F63C7F4415F5}.Debug|Any CPU.ActiveCfg = Debug|Any CPU
		{6826FC85-CAB1-43A3-B8B3-F63C7F4415F5}.Debug|Any CPU.Build.0 = Debug|Any CPU
		{6826FC85-CAB1-43A3-B8B3-F63C7F4415F5}.Release|Any CPU.ActiveCfg = Release|Any CPU
		{6826FC85-CAB1-43A3-B8B3-F63C7F4415F5}.Release|Any CPU.Build.0 = Release|Any CPU
		{50D94045-F9EE-4D81-B210-CAFA95C5AF3D}.Debug|Any CPU.ActiveCfg = Debug|Any CPU
		{50D94045-F9EE-4D81-B210-CAFA95C5AF3D}.Debug|Any CPU.Build.0 = Debug|Any CPU
		{50D94045-F9EE-4D81-B210-CAFA95C5AF3D}.Release|Any CPU.ActiveCfg = Release|Any CPU
		{50D94045-F9EE-4D81-B210-CAFA95C5AF3D}.Release|Any CPU.Build.0 = Release|Any CPU
		{57B31E37-4CD1-455B-9DE1-131B84E354B9}.Debug|Any CPU.ActiveCfg = Debug|Any CPU
		{57B31E37-4CD1-455B-9DE1-131B84E354B9}.Debug|Any CPU.Build.0 = Debug|Any CPU
		{57B31E37-4CD1-455B-9DE1-131B84E354B9}.Release|Any CPU.ActiveCfg = Release|Any CPU
		{57B31E37-4CD1-455B-9DE1-131B84E354B9}.Release|Any CPU.Build.0 = Release|Any CPU
		{95C2BA48-13F5-403B-8247-6F22BF604FE9}.Debug|Any CPU.ActiveCfg = Debug|Any CPU
		{95C2BA48-13F5-403B-8247-6F22BF604FE9}.Debug|Any CPU.Build.0 = Debug|Any CPU
		{95C2BA48-13F5-403B-8247-6F22BF604FE9}.Release|Any CPU.ActiveCfg = Release|Any CPU
		{95C2BA48-13F5-403B-8247-6F22BF604FE9}.Release|Any CPU.Build.0 = Release|Any CPU
		{C954F331-90B6-45A5-9881-CB0F7540093C}.Debug|Any CPU.ActiveCfg = Debug|Any CPU
		{C954F331-90B6-45A5-9881-CB0F7540093C}.Debug|Any CPU.Build.0 = Debug|Any CPU
		{C954F331-90B6-45A5-9881-CB0F7540093C}.Release|Any CPU.ActiveCfg = Release|Any CPU
		{C954F331-90B6-45A5-9881-CB0F7540093C}.Release|Any CPU.Build.0 = Release|Any CPU
		{BEA0917A-E89C-43DD-80D0-C963FA519C30}.Debug|Any CPU.ActiveCfg = Debug|Any CPU
		{BEA0917A-E89C-43DD-80D0-C963FA519C30}.Debug|Any CPU.Build.0 = Debug|Any CPU
		{BEA0917A-E89C-43DD-80D0-C963FA519C30}.Release|Any CPU.ActiveCfg = Release|Any CPU
		{BEA0917A-E89C-43DD-80D0-C963FA519C30}.Release|Any CPU.Build.0 = Release|Any CPU
		{E88E35E0-8370-4BBE-8CAE-3B967F769561}.Debug|Any CPU.ActiveCfg = Debug|Any CPU
		{E88E35E0-8370-4BBE-8CAE-3B967F769561}.Debug|Any CPU.Build.0 = Debug|Any CPU
		{E88E35E0-8370-4BBE-8CAE-3B967F769561}.Release|Any CPU.ActiveCfg = Release|Any CPU
		{E88E35E0-8370-4BBE-8CAE-3B967F769561}.Release|Any CPU.Build.0 = Release|Any CPU
		{0070DA9C-F05C-4752-A960-B08FE9B0E1B0}.Debug|Any CPU.ActiveCfg = Debug|Any CPU
		{0070DA9C-F05C-4752-A960-B08FE9B0E1B0}.Debug|Any CPU.Build.0 = Debug|Any CPU
		{0070DA9C-F05C-4752-A960-B08FE9B0E1B0}.Release|Any CPU.ActiveCfg = Release|Any CPU
		{0070DA9C-F05C-4752-A960-B08FE9B0E1B0}.Release|Any CPU.Build.0 = Release|Any CPU
		{7A1CFFC2-A4E6-4CA0-8CEA-2A205BA87B7F}.Debug|Any CPU.ActiveCfg = Debug|Any CPU
		{7A1CFFC2-A4E6-4CA0-8CEA-2A205BA87B7F}.Debug|Any CPU.Build.0 = Debug|Any CPU
		{7A1CFFC2-A4E6-4CA0-8CEA-2A205BA87B7F}.Release|Any CPU.ActiveCfg = Release|Any CPU
		{7A1CFFC2-A4E6-4CA0-8CEA-2A205BA87B7F}.Release|Any CPU.Build.0 = Release|Any CPU
		{E3285F20-003B-4305-9E8D-81856A7E9F8B}.Debug|Any CPU.ActiveCfg = Debug|Any CPU
		{E3285F20-003B-4305-9E8D-81856A7E9F8B}.Debug|Any CPU.Build.0 = Debug|Any CPU
		{E3285F20-003B-4305-9E8D-81856A7E9F8B}.Release|Any CPU.ActiveCfg = Release|Any CPU
		{E3285F20-003B-4305-9E8D-81856A7E9F8B}.Release|Any CPU.Build.0 = Release|Any CPU
		{4DAE6882-4103-41FD-B105-2F05D004C3FE}.Debug|Any CPU.ActiveCfg = Debug|Any CPU
		{4DAE6882-4103-41FD-B105-2F05D004C3FE}.Debug|Any CPU.Build.0 = Debug|Any CPU
		{4DAE6882-4103-41FD-B105-2F05D004C3FE}.Release|Any CPU.ActiveCfg = Release|Any CPU
		{4DAE6882-4103-41FD-B105-2F05D004C3FE}.Release|Any CPU.Build.0 = Release|Any CPU
		{1A3135F7-C666-4BD3-A54D-D8AA9422A28D}.Debug|Any CPU.ActiveCfg = Debug|Any CPU
		{1A3135F7-C666-4BD3-A54D-D8AA9422A28D}.Debug|Any CPU.Build.0 = Debug|Any CPU
		{1A3135F7-C666-4BD3-A54D-D8AA9422A28D}.Release|Any CPU.ActiveCfg = Release|Any CPU
		{1A3135F7-C666-4BD3-A54D-D8AA9422A28D}.Release|Any CPU.Build.0 = Release|Any CPU
		{5F35F25F-34CC-47F1-8196-0BA4EB5F440C}.Debug|Any CPU.ActiveCfg = Debug|Any CPU
		{5F35F25F-34CC-47F1-8196-0BA4EB5F440C}.Debug|Any CPU.Build.0 = Debug|Any CPU
		{5F35F25F-34CC-47F1-8196-0BA4EB5F440C}.Release|Any CPU.ActiveCfg = Release|Any CPU
		{5F35F25F-34CC-47F1-8196-0BA4EB5F440C}.Release|Any CPU.Build.0 = Release|Any CPU
		{F4CF1B05-B60E-4D6C-91DF-D827BBE12EF2}.Debug|Any CPU.ActiveCfg = Debug|Any CPU
		{F4CF1B05-B60E-4D6C-91DF-D827BBE12EF2}.Debug|Any CPU.Build.0 = Debug|Any CPU
		{F4CF1B05-B60E-4D6C-91DF-D827BBE12EF2}.Release|Any CPU.ActiveCfg = Release|Any CPU
		{F4CF1B05-B60E-4D6C-91DF-D827BBE12EF2}.Release|Any CPU.Build.0 = Release|Any CPU
		{01E42871-E7E8-4D67-BDB8-3CD1393E857D}.Debug|Any CPU.ActiveCfg = Debug|Any CPU
		{01E42871-E7E8-4D67-BDB8-3CD1393E857D}.Debug|Any CPU.Build.0 = Debug|Any CPU
		{01E42871-E7E8-4D67-BDB8-3CD1393E857D}.Release|Any CPU.ActiveCfg = Release|Any CPU
		{01E42871-E7E8-4D67-BDB8-3CD1393E857D}.Release|Any CPU.Build.0 = Release|Any CPU
	EndGlobalSection
	GlobalSection(SolutionProperties) = preSolution
		HideSolutionNode = FALSE
	EndGlobalSection
EndGlobal
