
Microsoft Visual Studio Solution File, Format Version 12.00
# Visual Studio 2013
VisualStudioVersion = 12.0.31101.0
MinimumVisualStudioVersion = 10.0.40219.1
Project("{FAE04EC0-301F-11D3-BF4B-00C04F79EFBC}") = "Problem1", "Problem1\Problem1.csproj", "{8F932C8B-0284-4583-B474-F6FF5DFA4CA2}"
EndProject
Project("{FAE04EC0-301F-11D3-BF4B-00C04F79EFBC}") = "Problem2", "Problem2\Problem2.csproj", "{3EA536D8-C807-4B9A-91C3-85F66C44F045}"
EndProject
Project("{FAE04EC0-301F-11D3-BF4B-00C04F79EFBC}") = "Problem3", "Problem3\Problem3.csproj", "{EB361712-A58D-4B71-9D1D-3A0DAA002E0B}"
EndProject
Project("{FAE04EC0-301F-11D3-BF4B-00C04F79EFBC}") = "Problem4", "Problem4\Problem4.csproj", "{7C771897-39B9-4C54-B750-5A838DB1917B}"
EndProject
Project("{FAE04EC0-301F-11D3-BF4B-00C04F79EFBC}") = "Problem5", "Problem5\Problem5.csproj", "{4CE370D3-7F7B-48A4-B054-3E3FD424365A}"
EndProject
Global
	GlobalSection(SolutionConfigurationPlatforms) = preSolution
		Debug|Any CPU = Debug|Any CPU
		Release|Any CPU = Release|Any CPU
	EndGlobalSection
	GlobalSection(ProjectConfigurationPlatforms) = postSolution
		{8F932C8B-0284-4583-B474-F6FF5DFA4CA2}.Debug|Any CPU.ActiveCfg = Debug|Any CPU
		{8F932C8B-0284-4583-B474-F6FF5DFA4CA2}.Debug|Any CPU.Build.0 = Debug|Any CPU
		{8F932C8B-0284-4583-B474-F6FF5DFA4CA2}.Release|Any CPU.ActiveCfg = Release|Any CPU
		{8F932C8B-0284-4583-B474-F6FF5DFA4CA2}.Release|Any CPU.Build.0 = Release|Any CPU
		{3EA536D8-C807-4B9A-91C3-85F66C44F045}.Debug|Any CPU.ActiveCfg = Debug|Any CPU
		{3EA536D8-C807-4B9A-91C3-85F66C44F045}.Debug|Any CPU.Build.0 = Debug|Any CPU
		{3EA536D8-C807-4B9A-91C3-85F66C44F045}.Release|Any CPU.ActiveCfg = Release|Any CPU
		{3EA536D8-C807-4B9A-91C3-85F66C44F045}.Release|Any CPU.Build.0 = Release|Any CPU
		{EB361712-A58D-4B71-9D1D-3A0DAA002E0B}.Debug|Any CPU.ActiveCfg = Debug|Any CPU
		{EB361712-A58D-4B71-9D1D-3A0DAA002E0B}.Debug|Any CPU.Build.0 = Debug|Any CPU
		{EB361712-A58D-4B71-9D1D-3A0DAA002E0B}.Release|Any CPU.ActiveCfg = Release|Any CPU
		{EB361712-A58D-4B71-9D1D-3A0DAA002E0B}.Release|Any CPU.Build.0 = Release|Any CPU
		{7C771897-39B9-4C54-B750-5A838DB1917B}.Debug|Any CPU.ActiveCfg = Debug|Any CPU
		{7C771897-39B9-4C54-B750-5A838DB1917B}.Debug|Any CPU.Build.0 = Debug|Any CPU
		{7C771897-39B9-4C54-B750-5A838DB1917B}.Release|Any CPU.ActiveCfg = Release|Any CPU
		{7C771897-39B9-4C54-B750-5A838DB1917B}.Release|Any CPU.Build.0 = Release|Any CPU
		{4CE370D3-7F7B-48A4-B054-3E3FD424365A}.Debug|Any CPU.ActiveCfg = Debug|Any CPU
		{4CE370D3-7F7B-48A4-B054-3E3FD424365A}.Debug|Any CPU.Build.0 = Debug|Any CPU
		{4CE370D3-7F7B-48A4-B054-3E3FD424365A}.Release|Any CPU.ActiveCfg = Release|Any CPU
		{4CE370D3-7F7B-48A4-B054-3E3FD424365A}.Release|Any CPU.Build.0 = Release|Any CPU
	EndGlobalSection
	GlobalSection(SolutionProperties) = preSolution
		HideSolutionNode = FALSE
	EndGlobalSection
EndGlobal
