
Microsoft Visual Studio Solution File, Format Version 12.00
# Visual Studio 14
VisualStudioVersion = 14.0.23107.0
MinimumVisualStudioVersion = 10.0.40219.1
Project("{FAE04EC0-301F-11D3-BF4B-00C04F79EFBC}") = "01.SumAndAverage", "1.SumAndAverage\01.SumAndAverage.csproj", "{A7089487-F23D-488F-AD16-5A304387CDF1}"
EndProject
Project("{FAE04EC0-301F-11D3-BF4B-00C04F79EFBC}") = "02.ReverseNumbers", "2.ReverseNumbers\02.ReverseNumbers.csproj", "{CE475C17-36CA-4E46-9F9D-D17AC641341D}"
EndProject
Project("{FAE04EC0-301F-11D3-BF4B-00C04F79EFBC}") = "03.SortsInIncreasingOrder", "3.SortsInIncreasingOrder\03.SortsInIncreasingOrder.csproj", "{86146B55-FDC2-483B-9DC2-6301F30D9269}"
EndProject
Project("{FAE04EC0-301F-11D3-BF4B-00C04F79EFBC}") = "04.LongestSubsequenceOfEquals", "4.LongestSubsequenceOfEquals\04.LongestSubsequenceOfEquals.csproj", "{6E6462EC-7AE0-4EC2-A5FA-856FE9DEB7B2}"
EndProject
Project("{FAE04EC0-301F-11D3-BF4B-00C04F79EFBC}") = "05.RemovesAllNegativeNumbers", "5.RemovesAllNegativeNumbers\05.RemovesAllNegativeNumbers.csproj", "{71068F3F-A1A1-42D1-BCBD-AA747D61D9DF}"
EndProject
Project("{FAE04EC0-301F-11D3-BF4B-00C04F79EFBC}") = "06.RemovesNumbersOccurOddTimes", "6.RemovesNumbersOccurOddTimes\06.RemovesNumbersOccurOddTimes.csproj", "{8B413372-F4A6-443E-98A4-555C5F473BC3}"
EndProject
Project("{FAE04EC0-301F-11D3-BF4B-00C04F79EFBC}") = "07.HowManyTimes", "7.HowManyTimes\07.HowManyTimes.csproj", "{698D65C8-3B76-415B-8979-9633EC6015C6}"
EndProject
Project("{FAE04EC0-301F-11D3-BF4B-00C04F79EFBC}") = "08.SequenceMajorant", "8.SequenceMajorant\08.SequenceMajorant.csproj", "{978539E4-F369-4121-813E-10AA7FE5D687}"
EndProject
Project("{FAE04EC0-301F-11D3-BF4B-00C04F79EFBC}") = "09.PrintFirst50Members", "9.PrintFirst50Members\09.PrintFirst50Members.csproj", "{9755ADE3-0A24-4ACD-8D89-08A6EBE77242}"
EndProject
Project("{FAE04EC0-301F-11D3-BF4B-00C04F79EFBC}") = "10.ShortestSequenceOfOperations", "10.ShortestSequenceOfOperations\10.ShortestSequenceOfOperations.csproj", "{920AA9C0-50F5-47B1-8F29-5C6FD6533B78}"
EndProject
Project("{FAE04EC0-301F-11D3-BF4B-00C04F79EFBC}") = "14.Labirint", "14.Labirint\14.Labirint.csproj", "{3CFDBE4D-1A50-48C3-9A75-53DFAFA985C3}"
EndProject
Project("{FAE04EC0-301F-11D3-BF4B-00C04F79EFBC}") = "11.LinkedList", "11.LinkedList\11.LinkedList.csproj", "{5A8CF130-188F-4373-8D9C-7862AD1BD42D}"
EndProject
Project("{FAE04EC0-301F-11D3-BF4B-00C04F79EFBC}") = "12.Stack", "12.Stack\12.Stack.csproj", "{3244817A-F06E-4904-96CA-24003C22776B}"
EndProject
Project("{FAE04EC0-301F-11D3-BF4B-00C04F79EFBC}") = "13.Queue", "Queue\13.Queue.csproj", "{1B86E5F6-DE82-496B-87FD-3A7A8C21BDF3}"
EndProject
Global
	GlobalSection(SolutionConfigurationPlatforms) = preSolution
		Debug|Any CPU = Debug|Any CPU
		Release|Any CPU = Release|Any CPU
	EndGlobalSection
	GlobalSection(ProjectConfigurationPlatforms) = postSolution
		{A7089487-F23D-488F-AD16-5A304387CDF1}.Debug|Any CPU.ActiveCfg = Debug|Any CPU
		{A7089487-F23D-488F-AD16-5A304387CDF1}.Debug|Any CPU.Build.0 = Debug|Any CPU
		{A7089487-F23D-488F-AD16-5A304387CDF1}.Release|Any CPU.ActiveCfg = Release|Any CPU
		{A7089487-F23D-488F-AD16-5A304387CDF1}.Release|Any CPU.Build.0 = Release|Any CPU
		{CE475C17-36CA-4E46-9F9D-D17AC641341D}.Debug|Any CPU.ActiveCfg = Debug|Any CPU
		{CE475C17-36CA-4E46-9F9D-D17AC641341D}.Debug|Any CPU.Build.0 = Debug|Any CPU
		{CE475C17-36CA-4E46-9F9D-D17AC641341D}.Release|Any CPU.ActiveCfg = Release|Any CPU
		{CE475C17-36CA-4E46-9F9D-D17AC641341D}.Release|Any CPU.Build.0 = Release|Any CPU
		{86146B55-FDC2-483B-9DC2-6301F30D9269}.Debug|Any CPU.ActiveCfg = Debug|Any CPU
		{86146B55-FDC2-483B-9DC2-6301F30D9269}.Debug|Any CPU.Build.0 = Debug|Any CPU
		{86146B55-FDC2-483B-9DC2-6301F30D9269}.Release|Any CPU.ActiveCfg = Release|Any CPU
		{86146B55-FDC2-483B-9DC2-6301F30D9269}.Release|Any CPU.Build.0 = Release|Any CPU
		{6E6462EC-7AE0-4EC2-A5FA-856FE9DEB7B2}.Debug|Any CPU.ActiveCfg = Debug|Any CPU
		{6E6462EC-7AE0-4EC2-A5FA-856FE9DEB7B2}.Debug|Any CPU.Build.0 = Debug|Any CPU
		{6E6462EC-7AE0-4EC2-A5FA-856FE9DEB7B2}.Release|Any CPU.ActiveCfg = Release|Any CPU
		{6E6462EC-7AE0-4EC2-A5FA-856FE9DEB7B2}.Release|Any CPU.Build.0 = Release|Any CPU
		{71068F3F-A1A1-42D1-BCBD-AA747D61D9DF}.Debug|Any CPU.ActiveCfg = Debug|Any CPU
		{71068F3F-A1A1-42D1-BCBD-AA747D61D9DF}.Debug|Any CPU.Build.0 = Debug|Any CPU
		{71068F3F-A1A1-42D1-BCBD-AA747D61D9DF}.Release|Any CPU.ActiveCfg = Release|Any CPU
		{71068F3F-A1A1-42D1-BCBD-AA747D61D9DF}.Release|Any CPU.Build.0 = Release|Any CPU
		{8B413372-F4A6-443E-98A4-555C5F473BC3}.Debug|Any CPU.ActiveCfg = Debug|Any CPU
		{8B413372-F4A6-443E-98A4-555C5F473BC3}.Debug|Any CPU.Build.0 = Debug|Any CPU
		{8B413372-F4A6-443E-98A4-555C5F473BC3}.Release|Any CPU.ActiveCfg = Release|Any CPU
		{8B413372-F4A6-443E-98A4-555C5F473BC3}.Release|Any CPU.Build.0 = Release|Any CPU
		{698D65C8-3B76-415B-8979-9633EC6015C6}.Debug|Any CPU.ActiveCfg = Debug|Any CPU
		{698D65C8-3B76-415B-8979-9633EC6015C6}.Debug|Any CPU.Build.0 = Debug|Any CPU
		{698D65C8-3B76-415B-8979-9633EC6015C6}.Release|Any CPU.ActiveCfg = Release|Any CPU
		{698D65C8-3B76-415B-8979-9633EC6015C6}.Release|Any CPU.Build.0 = Release|Any CPU
		{978539E4-F369-4121-813E-10AA7FE5D687}.Debug|Any CPU.ActiveCfg = Debug|Any CPU
		{978539E4-F369-4121-813E-10AA7FE5D687}.Debug|Any CPU.Build.0 = Debug|Any CPU
		{978539E4-F369-4121-813E-10AA7FE5D687}.Release|Any CPU.ActiveCfg = Release|Any CPU
		{978539E4-F369-4121-813E-10AA7FE5D687}.Release|Any CPU.Build.0 = Release|Any CPU
		{9755ADE3-0A24-4ACD-8D89-08A6EBE77242}.Debug|Any CPU.ActiveCfg = Debug|Any CPU
		{9755ADE3-0A24-4ACD-8D89-08A6EBE77242}.Debug|Any CPU.Build.0 = Debug|Any CPU
		{9755ADE3-0A24-4ACD-8D89-08A6EBE77242}.Release|Any CPU.ActiveCfg = Release|Any CPU
		{9755ADE3-0A24-4ACD-8D89-08A6EBE77242}.Release|Any CPU.Build.0 = Release|Any CPU
		{920AA9C0-50F5-47B1-8F29-5C6FD6533B78}.Debug|Any CPU.ActiveCfg = Debug|Any CPU
		{920AA9C0-50F5-47B1-8F29-5C6FD6533B78}.Debug|Any CPU.Build.0 = Debug|Any CPU
		{920AA9C0-50F5-47B1-8F29-5C6FD6533B78}.Release|Any CPU.ActiveCfg = Release|Any CPU
		{920AA9C0-50F5-47B1-8F29-5C6FD6533B78}.Release|Any CPU.Build.0 = Release|Any CPU
		{3CFDBE4D-1A50-48C3-9A75-53DFAFA985C3}.Debug|Any CPU.ActiveCfg = Debug|Any CPU
		{3CFDBE4D-1A50-48C3-9A75-53DFAFA985C3}.Debug|Any CPU.Build.0 = Debug|Any CPU
		{3CFDBE4D-1A50-48C3-9A75-53DFAFA985C3}.Release|Any CPU.ActiveCfg = Release|Any CPU
		{3CFDBE4D-1A50-48C3-9A75-53DFAFA985C3}.Release|Any CPU.Build.0 = Release|Any CPU
		{5A8CF130-188F-4373-8D9C-7862AD1BD42D}.Debug|Any CPU.ActiveCfg = Debug|Any CPU
		{5A8CF130-188F-4373-8D9C-7862AD1BD42D}.Debug|Any CPU.Build.0 = Debug|Any CPU
		{5A8CF130-188F-4373-8D9C-7862AD1BD42D}.Release|Any CPU.ActiveCfg = Release|Any CPU
		{5A8CF130-188F-4373-8D9C-7862AD1BD42D}.Release|Any CPU.Build.0 = Release|Any CPU
		{3244817A-F06E-4904-96CA-24003C22776B}.Debug|Any CPU.ActiveCfg = Debug|Any CPU
		{3244817A-F06E-4904-96CA-24003C22776B}.Debug|Any CPU.Build.0 = Debug|Any CPU
		{3244817A-F06E-4904-96CA-24003C22776B}.Release|Any CPU.ActiveCfg = Release|Any CPU
		{3244817A-F06E-4904-96CA-24003C22776B}.Release|Any CPU.Build.0 = Release|Any CPU
		{1B86E5F6-DE82-496B-87FD-3A7A8C21BDF3}.Debug|Any CPU.ActiveCfg = Debug|Any CPU
		{1B86E5F6-DE82-496B-87FD-3A7A8C21BDF3}.Debug|Any CPU.Build.0 = Debug|Any CPU
		{1B86E5F6-DE82-496B-87FD-3A7A8C21BDF3}.Release|Any CPU.ActiveCfg = Release|Any CPU
		{1B86E5F6-DE82-496B-87FD-3A7A8C21BDF3}.Release|Any CPU.Build.0 = Release|Any CPU
	EndGlobalSection
	GlobalSection(SolutionProperties) = preSolution
		HideSolutionNode = FALSE
	EndGlobalSection
EndGlobal
