
Microsoft Visual Studio Solution File, Format Version 12.00
# Visual Studio 14
VisualStudioVersion = 14.0.23107.0
MinimumVisualStudioVersion = 10.0.40219.1
Project("{FAE04EC0-301F-11D3-BF4B-00C04F79EFBC}") = "Rabbits", "ConsoleApplication1\Rabbits.csproj", "{44169B4B-96D8-4662-BD74-8B420387B745}"
EndProject
Project("{FAE04EC0-301F-11D3-BF4B-00C04F79EFBC}") = "BinomOfPower", "ConsoleApplication2\BinomOfPower.csproj", "{D2DC8C78-006E-4B8C-BF16-81656EC15E58}"
EndProject
Project("{FAE04EC0-301F-11D3-BF4B-00C04F79EFBC}") = "BinaryPasswords", "ConsoleApplication3\BinaryPasswords.csproj", "{D75B8AC4-9EE0-4174-8317-88FF5935162E}"
EndProject
Global
	GlobalSection(SolutionConfigurationPlatforms) = preSolution
		Debug|Any CPU = Debug|Any CPU
		Release|Any CPU = Release|Any CPU
	EndGlobalSection
	GlobalSection(ProjectConfigurationPlatforms) = postSolution
		{44169B4B-96D8-4662-BD74-8B420387B745}.Debug|Any CPU.ActiveCfg = Debug|Any CPU
		{44169B4B-96D8-4662-BD74-8B420387B745}.Debug|Any CPU.Build.0 = Debug|Any CPU
		{44169B4B-96D8-4662-BD74-8B420387B745}.Release|Any CPU.ActiveCfg = Release|Any CPU
		{44169B4B-96D8-4662-BD74-8B420387B745}.Release|Any CPU.Build.0 = Release|Any CPU
		{D2DC8C78-006E-4B8C-BF16-81656EC15E58}.Debug|Any CPU.ActiveCfg = Debug|Any CPU
		{D2DC8C78-006E-4B8C-BF16-81656EC15E58}.Debug|Any CPU.Build.0 = Debug|Any CPU
		{D2DC8C78-006E-4B8C-BF16-81656EC15E58}.Release|Any CPU.ActiveCfg = Release|Any CPU
		{D2DC8C78-006E-4B8C-BF16-81656EC15E58}.Release|Any CPU.Build.0 = Release|Any CPU
		{D75B8AC4-9EE0-4174-8317-88FF5935162E}.Debug|Any CPU.ActiveCfg = Debug|Any CPU
		{D75B8AC4-9EE0-4174-8317-88FF5935162E}.Debug|Any CPU.Build.0 = Debug|Any CPU
		{D75B8AC4-9EE0-4174-8317-88FF5935162E}.Release|Any CPU.ActiveCfg = Release|Any CPU
		{D75B8AC4-9EE0-4174-8317-88FF5935162E}.Release|Any CPU.Build.0 = Release|Any CPU
	EndGlobalSection
	GlobalSection(SolutionProperties) = preSolution
		HideSolutionNode = FALSE
	EndGlobalSection
EndGlobal
