
Microsoft Visual Studio Solution File, Format Version 12.00
# Visual Studio 2013
VisualStudioVersion = 12.0.31101.0
MinimumVisualStudioVersion = 10.0.40219.1
Project("{FAE04EC0-301F-11D3-BF4B-00C04F79EFBC}") = "SchoolCheck", "School\SchoolCheck.csproj", "{BEF3D0D3-DA55-4818-AA3C-3986CA9EAE86}"
EndProject
Project("{FAE04EC0-301F-11D3-BF4B-00C04F79EFBC}") = "StudentsAndWorkers", "StudentsAndWorkers\StudentsAndWorkers.csproj", "{1FCBE11B-E40A-4035-BC66-BD6B5ABABC66}"
EndProject
Project("{FAE04EC0-301F-11D3-BF4B-00C04F79EFBC}") = "Animals", "Animals\Animals.csproj", "{61849ED8-5EFB-4338-880F-45B73CAE9FC6}"
EndProject
Global
	GlobalSection(SolutionConfigurationPlatforms) = preSolution
		Debug|Any CPU = Debug|Any CPU
		Release|Any CPU = Release|Any CPU
	EndGlobalSection
	GlobalSection(ProjectConfigurationPlatforms) = postSolution
		{BEF3D0D3-DA55-4818-AA3C-3986CA9EAE86}.Debug|Any CPU.ActiveCfg = Debug|Any CPU
		{BEF3D0D3-DA55-4818-AA3C-3986CA9EAE86}.Debug|Any CPU.Build.0 = Debug|Any CPU
		{BEF3D0D3-DA55-4818-AA3C-3986CA9EAE86}.Release|Any CPU.ActiveCfg = Release|Any CPU
		{BEF3D0D3-DA55-4818-AA3C-3986CA9EAE86}.Release|Any CPU.Build.0 = Release|Any CPU
		{1FCBE11B-E40A-4035-BC66-BD6B5ABABC66}.Debug|Any CPU.ActiveCfg = Debug|Any CPU
		{1FCBE11B-E40A-4035-BC66-BD6B5ABABC66}.Debug|Any CPU.Build.0 = Debug|Any CPU
		{1FCBE11B-E40A-4035-BC66-BD6B5ABABC66}.Release|Any CPU.ActiveCfg = Release|Any CPU
		{1FCBE11B-E40A-4035-BC66-BD6B5ABABC66}.Release|Any CPU.Build.0 = Release|Any CPU
		{61849ED8-5EFB-4338-880F-45B73CAE9FC6}.Debug|Any CPU.ActiveCfg = Debug|Any CPU
		{61849ED8-5EFB-4338-880F-45B73CAE9FC6}.Debug|Any CPU.Build.0 = Debug|Any CPU
		{61849ED8-5EFB-4338-880F-45B73CAE9FC6}.Release|Any CPU.ActiveCfg = Release|Any CPU
		{61849ED8-5EFB-4338-880F-45B73CAE9FC6}.Release|Any CPU.Build.0 = Release|Any CPU
	EndGlobalSection
	GlobalSection(SolutionProperties) = preSolution
		HideSolutionNode = FALSE
	EndGlobalSection
EndGlobal
